
Microsoft Visual Studio Solution File, Format Version 12.00
# Visual Studio Version 17
VisualStudioVersion = 17.10.35027.167
MinimumVisualStudioVersion = 10.0.40219.1
Project("{9A19103F-16F7-4668-BE54-9A1E7A4F7556}") = "PRN_PE_Fall23", "PRN_PE_Fall23\PRN_PE_Fall23.csproj", "{6BE7B87F-636C-463F-BD4E-0F45580085BE}"
EndProject
Project("{9A19103F-16F7-4668-BE54-9A1E7A4F7556}") = "BOs", "BOs\BOs.csproj", "{4909D2A8-624B-4920-B6E7-2B1CF51CFDC5}"
EndProject
Project("{9A19103F-16F7-4668-BE54-9A1E7A4F7556}") = "Repository", "Repository\Repository.csproj", "{A0C83DB3-B014-45EF-A3E0-E21F418BC7B5}"
EndProject
Project("{9A19103F-16F7-4668-BE54-9A1E7A4F7556}") = "jewelryRazorPage", "jewelryRazorPage\jewelryRazorPage.csproj", "{AB7A618B-AA92-4F5F-9E14-0C4160362D28}"
EndProject
Project("{FAE04EC0-301F-11D3-BF4B-00C04F79EFBC}") = "DAO", "DAO\DAO.csproj", "{369C1A7A-082D-43E1-B3B7-897937C97168}"
EndProject
Global
	GlobalSection(SolutionConfigurationPlatforms) = preSolution
		Debug|Any CPU = Debug|Any CPU
		Release|Any CPU = Release|Any CPU
	EndGlobalSection
	GlobalSection(ProjectConfigurationPlatforms) = postSolution
		{6BE7B87F-636C-463F-BD4E-0F45580085BE}.Debug|Any CPU.ActiveCfg = Debug|Any CPU
		{6BE7B87F-636C-463F-BD4E-0F45580085BE}.Debug|Any CPU.Build.0 = Debug|Any CPU
		{6BE7B87F-636C-463F-BD4E-0F45580085BE}.Release|Any CPU.ActiveCfg = Release|Any CPU
		{6BE7B87F-636C-463F-BD4E-0F45580085BE}.Release|Any CPU.Build.0 = Release|Any CPU
		{4909D2A8-624B-4920-B6E7-2B1CF51CFDC5}.Debug|Any CPU.ActiveCfg = Debug|Any CPU
		{4909D2A8-624B-4920-B6E7-2B1CF51CFDC5}.Debug|Any CPU.Build.0 = Debug|Any CPU
		{4909D2A8-624B-4920-B6E7-2B1CF51CFDC5}.Release|Any CPU.ActiveCfg = Release|Any CPU
		{4909D2A8-624B-4920-B6E7-2B1CF51CFDC5}.Release|Any CPU.Build.0 = Release|Any CPU
		{A0C83DB3-B014-45EF-A3E0-E21F418BC7B5}.Debug|Any CPU.ActiveCfg = Debug|Any CPU
		{A0C83DB3-B014-45EF-A3E0-E21F418BC7B5}.Debug|Any CPU.Build.0 = Debug|Any CPU
		{A0C83DB3-B014-45EF-A3E0-E21F418BC7B5}.Release|Any CPU.ActiveCfg = Release|Any CPU
		{A0C83DB3-B014-45EF-A3E0-E21F418BC7B5}.Release|Any CPU.Build.0 = Release|Any CPU
		{AB7A618B-AA92-4F5F-9E14-0C4160362D28}.Debug|Any CPU.ActiveCfg = Debug|Any CPU
		{AB7A618B-AA92-4F5F-9E14-0C4160362D28}.Debug|Any CPU.Build.0 = Debug|Any CPU
		{AB7A618B-AA92-4F5F-9E14-0C4160362D28}.Release|Any CPU.ActiveCfg = Release|Any CPU
		{AB7A618B-AA92-4F5F-9E14-0C4160362D28}.Release|Any CPU.Build.0 = Release|Any CPU
		{369C1A7A-082D-43E1-B3B7-897937C97168}.Debug|Any CPU.ActiveCfg = Debug|Any CPU
		{369C1A7A-082D-43E1-B3B7-897937C97168}.Debug|Any CPU.Build.0 = Debug|Any CPU
		{369C1A7A-082D-43E1-B3B7-897937C97168}.Release|Any CPU.ActiveCfg = Release|Any CPU
		{369C1A7A-082D-43E1-B3B7-897937C97168}.Release|Any CPU.Build.0 = Release|Any CPU
	EndGlobalSection
	GlobalSection(SolutionProperties) = preSolution
		HideSolutionNode = FALSE
	EndGlobalSection
	GlobalSection(ExtensibilityGlobals) = postSolution
		SolutionGuid = {1A7381B6-B708-46A2-9735-DBE60F43C12A}
	EndGlobalSection
EndGlobal
